// !$*UTF8*$!
{
	archiveVersion = 1;
	classes = {
	};
	objectVersion = 56;
	objects = {

/* Begin PBXBuildFile section */
		F429086C2AF3C8EB002A137F /* AProposController.swift in Sources */ = {isa = PBXBuildFile; fileRef = F429086B2AF3C8EB002A137F /* AProposController.swift */; };
		F429086E2AF3D2EA002A137F /* AnimeListController.swift in Sources */ = {isa = PBXBuildFile; fileRef = F429086D2AF3D2EA002A137F /* AnimeListController.swift */; };
		F42908742AF3D5E3002A137F /* AnimeList.swift in Sources */ = {isa = PBXBuildFile; fileRef = F42908732AF3D5E3002A137F /* AnimeList.swift */; };
		F42908762AF3E9ED002A137F /* AnimePerso.swift in Sources */ = {isa = PBXBuildFile; fileRef = F42908752AF3E9ED002A137F /* AnimePerso.swift */; };
		F42908782AF3EA95002A137F /* AnimeCharacterController.swift in Sources */ = {isa = PBXBuildFile; fileRef = F42908772AF3EA95002A137F /* AnimeCharacterController.swift */; };
		F429087C2AF412D4002A137F /* CharacterDetailController.swift in Sources */ = {isa = PBXBuildFile; fileRef = F429087B2AF412D4002A137F /* CharacterDetailController.swift */; };
		F429087E2AF41A91002A137F /* AnimeCharacterDetail.swift in Sources */ = {isa = PBXBuildFile; fileRef = F429087D2AF41A91002A137F /* AnimeCharacterDetail.swift */; };
		F4B46ED82AF308F900DF0CCB /* AppDelegate.swift in Sources */ = {isa = PBXBuildFile; fileRef = F4B46ED72AF308F900DF0CCB /* AppDelegate.swift */; };
		F4B46EDA2AF308F900DF0CCB /* SceneDelegate.swift in Sources */ = {isa = PBXBuildFile; fileRef = F4B46ED92AF308F900DF0CCB /* SceneDelegate.swift */; };
		F4B46EDC2AF308F900DF0CCB /* ViewController.swift in Sources */ = {isa = PBXBuildFile; fileRef = F4B46EDB2AF308F900DF0CCB /* ViewController.swift */; };
		F4B46EDF2AF308F900DF0CCB /* Main.storyboard in Resources */ = {isa = PBXBuildFile; fileRef = F4B46EDD2AF308F900DF0CCB /* Main.storyboard */; };
		F4B46EE12AF308FA00DF0CCB /* Assets.xcassets in Resources */ = {isa = PBXBuildFile; fileRef = F4B46EE02AF308FA00DF0CCB /* Assets.xcassets */; };
		F4B46EE42AF308FA00DF0CCB /* LaunchScreen.storyboard in Resources */ = {isa = PBXBuildFile; fileRef = F4B46EE22AF308FA00DF0CCB /* LaunchScreen.storyboard */; };
/* End PBXBuildFile section */

/* Begin PBXFileReference section */
		F429086B2AF3C8EB002A137F /* AProposController.swift */ = {isa = PBXFileReference; lastKnownFileType = sourcecode.swift; path = AProposController.swift; sourceTree = "<group>"; };
		F429086D2AF3D2EA002A137F /* AnimeListController.swift */ = {isa = PBXFileReference; lastKnownFileType = sourcecode.swift; path = AnimeListController.swift; sourceTree = "<group>"; };
		F42908732AF3D5E3002A137F /* AnimeList.swift */ = {isa = PBXFileReference; lastKnownFileType = sourcecode.swift; path = AnimeList.swift; sourceTree = "<group>"; };
		F42908752AF3E9ED002A137F /* AnimePerso.swift */ = {isa = PBXFileReference; lastKnownFileType = sourcecode.swift; path = AnimePerso.swift; sourceTree = "<group>"; };
		F42908772AF3EA95002A137F /* AnimeCharacterController.swift */ = {isa = PBXFileReference; lastKnownFileType = sourcecode.swift; path = AnimeCharacterController.swift; sourceTree = "<group>"; };
		F429087B2AF412D4002A137F /* CharacterDetailController.swift */ = {isa = PBXFileReference; lastKnownFileType = sourcecode.swift; path = CharacterDetailController.swift; sourceTree = "<group>"; };
		F429087D2AF41A91002A137F /* AnimeCharacterDetail.swift */ = {isa = PBXFileReference; lastKnownFileType = sourcecode.swift; path = AnimeCharacterDetail.swift; sourceTree = "<group>"; };
		F4B46ED42AF308F900DF0CCB /* JikanProject.app */ = {isa = PBXFileReference; explicitFileType = wrapper.application; includeInIndex = 0; path = JikanProject.app; sourceTree = BUILT_PRODUCTS_DIR; };
		F4B46ED72AF308F900DF0CCB /* AppDelegate.swift */ = {isa = PBXFileReference; lastKnownFileType = sourcecode.swift; path = AppDelegate.swift; sourceTree = "<group>"; };
		F4B46ED92AF308F900DF0CCB /* SceneDelegate.swift */ = {isa = PBXFileReference; lastKnownFileType = sourcecode.swift; path = SceneDelegate.swift; sourceTree = "<group>"; };
		F4B46EDB2AF308F900DF0CCB /* ViewController.swift */ = {isa = PBXFileReference; lastKnownFileType = sourcecode.swift; path = ViewController.swift; sourceTree = "<group>"; };
		F4B46EDE2AF308F900DF0CCB /* Base */ = {isa = PBXFileReference; lastKnownFileType = file.storyboard; name = Base; path = Base.lproj/Main.storyboard; sourceTree = "<group>"; };
		F4B46EE02AF308FA00DF0CCB /* Assets.xcassets */ = {isa = PBXFileReference; lastKnownFileType = folder.assetcatalog; path = Assets.xcassets; sourceTree = "<group>"; };
		F4B46EE32AF308FA00DF0CCB /* Base */ = {isa = PBXFileReference; lastKnownFileType = file.storyboard; name = Base; path = Base.lproj/LaunchScreen.storyboard; sourceTree = "<group>"; };
		F4B46EE52AF308FA00DF0CCB /* Info.plist */ = {isa = PBXFileReference; lastKnownFileType = text.plist.xml; path = Info.plist; sourceTree = "<group>"; };
/* End PBXFileReference section */

/* Begin PBXFrameworksBuildPhase section */
		F4B46ED12AF308F900DF0CCB /* Frameworks */ = {
			isa = PBXFrameworksBuildPhase;
			buildActionMask = 2147483647;
			files = (
			);
			runOnlyForDeploymentPostprocessing = 0;
		};
/* End PBXFrameworksBuildPhase section */

/* Begin PBXGroup section */
		F42908722AF3D5B6002A137F /* Model */ = {
			isa = PBXGroup;
			children = (
				F42908732AF3D5E3002A137F /* AnimeList.swift */,
				F42908752AF3E9ED002A137F /* AnimePerso.swift */,
				F429087D2AF41A91002A137F /* AnimeCharacterDetail.swift */,
			);
			path = Model;
			sourceTree = "<group>";
		};
		F4B46ECB2AF308F900DF0CCB = {
			isa = PBXGroup;
			children = (
				F4B46ED62AF308F900DF0CCB /* JikanProject */,
				F4B46ED52AF308F900DF0CCB /* Products */,
			);
			sourceTree = "<group>";
		};
		F4B46ED52AF308F900DF0CCB /* Products */ = {
			isa = PBXGroup;
			children = (
				F4B46ED42AF308F900DF0CCB /* JikanProject.app */,
			);
			name = Products;
			sourceTree = "<group>";
		};
		F4B46ED62AF308F900DF0CCB /* JikanProject */ = {
			isa = PBXGroup;
			children = (
				F42908722AF3D5B6002A137F /* Model */,
				F4B46ED72AF308F900DF0CCB /* AppDelegate.swift */,
				F4B46ED92AF308F900DF0CCB /* SceneDelegate.swift */,
				F4B46EDB2AF308F900DF0CCB /* ViewController.swift */,
				F4B46EDD2AF308F900DF0CCB /* Main.storyboard */,
				F42908772AF3EA95002A137F /* AnimeCharacterController.swift */,
				F4B46EE02AF308FA00DF0CCB /* Assets.xcassets */,
				F4B46EE22AF308FA00DF0CCB /* LaunchScreen.storyboard */,
				F4B46EE52AF308FA00DF0CCB /* Info.plist */,
				F429086B2AF3C8EB002A137F /* AProposController.swift */,
				F429086D2AF3D2EA002A137F /* AnimeListController.swift */,
				F429087B2AF412D4002A137F /* CharacterDetailController.swift */,
			);
			path = JikanProject;
			sourceTree = "<group>";
		};
/* End PBXGroup section */

/* Begin PBXNativeTarget section */
		F4B46ED32AF308F900DF0CCB /* JikanProject */ = {
			isa = PBXNativeTarget;
			buildConfigurationList = F4B46EE82AF308FA00DF0CCB /* Build configuration list for PBXNativeTarget "JikanProject" */;
			buildPhases = (
				F4B46ED02AF308F900DF0CCB /* Sources */,
				F4B46ED12AF308F900DF0CCB /* Frameworks */,
				F4B46ED22AF308F900DF0CCB /* Resources */,
			);
			buildRules = (
			);
			dependencies = (
			);
			name = JikanProject;
			productName = JikanProject;
			productReference = F4B46ED42AF308F900DF0CCB /* JikanProject.app */;
			productType = "com.apple.product-type.application";
		};
/* End PBXNativeTarget section */

/* Begin PBXProject section */
		F4B46ECC2AF308F900DF0CCB /* Project object */ = {
			isa = PBXProject;
			attributes = {
				BuildIndependentTargetsInParallel = 1;
				LastSwiftUpdateCheck = 1430;
				LastUpgradeCheck = 1430;
				TargetAttributes = {
					F4B46ED32AF308F900DF0CCB = {
						CreatedOnToolsVersion = 14.3.1;
					};
				};
			};
			buildConfigurationList = F4B46ECF2AF308F900DF0CCB /* Build configuration list for PBXProject "JikanProject" */;
			compatibilityVersion = "Xcode 14.0";
			developmentRegion = en;
			hasScannedForEncodings = 0;
			knownRegions = (
				en,
				Base,
			);
			mainGroup = F4B46ECB2AF308F900DF0CCB;
			productRefGroup = F4B46ED52AF308F900DF0CCB /* Products */;
			projectDirPath = "";
			projectRoot = "";
			targets = (
				F4B46ED32AF308F900DF0CCB /* JikanProject */,
			);
		};
/* End PBXProject section */

/* Begin PBXResourcesBuildPhase section */
		F4B46ED22AF308F900DF0CCB /* Resources */ = {
			isa = PBXResourcesBuildPhase;
			buildActionMask = 2147483647;
			files = (
				F4B46EE42AF308FA00DF0CCB /* LaunchScreen.storyboard in Resources */,
				F4B46EE12AF308FA00DF0CCB /* Assets.xcassets in Resources */,
				F4B46EDF2AF308F900DF0CCB /* Main.storyboard in Resources */,
			);
			runOnlyForDeploymentPostprocessing = 0;
		};
/* End PBXResourcesBuildPhase section */

/* Begin PBXSourcesBuildPhase section */
		F4B46ED02AF308F900DF0CCB /* Sources */ = {
			isa = PBXSourcesBuildPhase;
			buildActionMask = 2147483647;
			files = (
				F429086E2AF3D2EA002A137F /* AnimeListController.swift in Sources */,
				F429087C2AF412D4002A137F /* CharacterDetailController.swift in Sources */,
				F42908742AF3D5E3002A137F /* AnimeList.swift in Sources */,
				F42908762AF3E9ED002A137F /* AnimePerso.swift in Sources */,
				F429086C2AF3C8EB002A137F /* AProposController.swift in Sources */,
				F42908782AF3EA95002A137F /* AnimeCharacterController.swift in Sources */,
				F4B46EDC2AF308F900DF0CCB /* ViewController.swift in Sources */,
				F4B46ED82AF308F900DF0CCB /* AppDelegate.swift in Sources */,
				F4B46EDA2AF308F900DF0CCB /* SceneDelegate.swift in Sources */,
				F429087E2AF41A91002A137F /* AnimeCharacterDetail.swift in Sources */,
			);
			runOnlyForDeploymentPostprocessing = 0;
		};
/* End PBXSourcesBuildPhase section */

/* Begin PBXVariantGroup section */
		F4B46EDD2AF308F900DF0CCB /* Main.storyboard */ = {
			isa = PBXVariantGroup;
			children = (
				F4B46EDE2AF308F900DF0CCB /* Base */,
			);
			name = Main.storyboard;
			sourceTree = "<group>";
		};
		F4B46EE22AF308FA00DF0CCB /* LaunchScreen.storyboard */ = {
			isa = PBXVariantGroup;
			children = (
				F4B46EE32AF308FA00DF0CCB /* Base */,
			);
			name = LaunchScreen.storyboard;
			sourceTree = "<group>";
		};
/* End PBXVariantGroup section */

/* Begin XCBuildConfiguration section */
		F4B46EE62AF308FA00DF0CCB /* Debug */ = {
			isa = XCBuildConfiguration;
			buildSettings = {
				ALWAYS_SEARCH_USER_PATHS = NO;
				CLANG_ANALYZER_NONNULL = YES;
				CLANG_ANALYZER_NUMBER_OBJECT_CONVERSION = YES_AGGRESSIVE;
				CLANG_CXX_LANGUAGE_STANDARD = "gnu++20";
				CLANG_ENABLE_MODULES = YES;
				CLANG_ENABLE_OBJC_ARC = YES;
				CLANG_ENABLE_OBJC_WEAK = YES;
				CLANG_WARN_BLOCK_CAPTURE_AUTORELEASING = YES;
				CLANG_WARN_BOOL_CONVERSION = YES;
				CLANG_WARN_COMMA = YES;
				CLANG_WARN_CONSTANT_CONVERSION = YES;
				CLANG_WARN_DEPRECATED_OBJC_IMPLEMENTATIONS = YES;
				CLANG_WARN_DIRECT_OBJC_ISA_USAGE = YES_ERROR;
				CLANG_WARN_DOCUMENTATION_COMMENTS = YES;
				CLANG_WARN_EMPTY_BODY = YES;
				CLANG_WARN_ENUM_CONVERSION = YES;
				CLANG_WARN_INFINITE_RECURSION = YES;
				CLANG_WARN_INT_CONVERSION = YES;
				CLANG_WARN_NON_LITERAL_NULL_CONVERSION = YES;
				CLANG_WARN_OBJC_IMPLICIT_RETAIN_SELF = YES;
				CLANG_WARN_OBJC_LITERAL_CONVERSION = YES;
				CLANG_WARN_OBJC_ROOT_CLASS = YES_ERROR;
				CLANG_WARN_QUOTED_INCLUDE_IN_FRAMEWORK_HEADER = YES;
				CLANG_WARN_RANGE_LOOP_ANALYSIS = YES;
				CLANG_WARN_STRICT_PROTOTYPES = YES;
				CLANG_WARN_SUSPICIOUS_MOVE = YES;
				CLANG_WARN_UNGUARDED_AVAILABILITY = YES_AGGRESSIVE;
				CLANG_WARN_UNREACHABLE_CODE = YES;
				CLANG_WARN__DUPLICATE_METHOD_MATCH = YES;
				COPY_PHASE_STRIP = NO;
				DEBUG_INFORMATION_FORMAT = dwarf;
				ENABLE_STRICT_OBJC_MSGSEND = YES;
				ENABLE_TESTABILITY = YES;
				GCC_C_LANGUAGE_STANDARD = gnu11;
				GCC_DYNAMIC_NO_PIC = NO;
				GCC_NO_COMMON_BLOCKS = YES;
				GCC_OPTIMIZATION_LEVEL = 0;
				GCC_PREPROCESSOR_DEFINITIONS = (
					"DEBUG=1",
					"$(inherited)",
				);
				GCC_WARN_64_TO_32_BIT_CONVERSION = YES;
				GCC_WARN_ABOUT_RETURN_TYPE = YES_ERROR;
				GCC_WARN_UNDECLARED_SELECTOR = YES;
				GCC_WARN_UNINITIALIZED_AUTOS = YES_AGGRESSIVE;
				GCC_WARN_UNUSED_FUNCTION = YES;
				GCC_WARN_UNUSED_VARIABLE = YES;
				IPHONEOS_DEPLOYMENT_TARGET = 16.4;
				MTL_ENABLE_DEBUG_INFO = INCLUDE_SOURCE;
				MTL_FAST_MATH = YES;
				ONLY_ACTIVE_ARCH = YES;
				SDKROOT = iphoneos;
				SWIFT_ACTIVE_COMPILATION_CONDITIONS = DEBUG;
				SWIFT_OPTIMIZATION_LEVEL = "-Onone";
			};
			name = Debug;
		};
		F4B46EE72AF308FA00DF0CCB /* Release */ = {
			isa = XCBuildConfiguration;
			buildSettings = {
				ALWAYS_SEARCH_USER_PATHS = NO;
				CLANG_ANALYZER_NONNULL = YES;
				CLANG_ANALYZER_NUMBER_OBJECT_CONVERSION = YES_AGGRESSIVE;
				CLANG_CXX_LANGUAGE_STANDARD = "gnu++20";
				CLANG_ENABLE_MODULES = YES;
				CLANG_ENABLE_OBJC_ARC = YES;
				CLANG_ENABLE_OBJC_WEAK = YES;
				CLANG_WARN_BLOCK_CAPTURE_AUTORELEASING = YES;
				CLANG_WARN_BOOL_CONVERSION = YES;
				CLANG_WARN_COMMA = YES;
				CLANG_WARN_CONSTANT_CONVERSION = YES;
				CLANG_WARN_DEPRECATED_OBJC_IMPLEMENTATIONS = YES;
				CLANG_WARN_DIRECT_OBJC_ISA_USAGE = YES_ERROR;
				CLANG_WARN_DOCUMENTATION_COMMENTS = YES;
				CLANG_WARN_EMPTY_BODY = YES;
				CLANG_WARN_ENUM_CONVERSION = YES;
				CLANG_WARN_INFINITE_RECURSION = YES;
				CLANG_WARN_INT_CONVERSION = YES;
				CLANG_WARN_NON_LITERAL_NULL_CONVERSION = YES;
				CLANG_WARN_OBJC_IMPLICIT_RETAIN_SELF = YES;
				CLANG_WARN_OBJC_LITERAL_CONVERSION = YES;
				CLANG_WARN_OBJC_ROOT_CLASS = YES_ERROR;
				CLANG_WARN_QUOTED_INCLUDE_IN_FRAMEWORK_HEADER = YES;
				CLANG_WARN_RANGE_LOOP_ANALYSIS = YES;
				CLANG_WARN_STRICT_PROTOTYPES = YES;
				CLANG_WARN_SUSPICIOUS_MOVE = YES;
				CLANG_WARN_UNGUARDED_AVAILABILITY = YES_AGGRESSIVE;
				CLANG_WARN_UNREACHABLE_CODE = YES;
				CLANG_WARN__DUPLICATE_METHOD_MATCH = YES;
				COPY_PHASE_STRIP = NO;
				DEBUG_INFORMATION_FORMAT = "dwarf-with-dsym";
				ENABLE_NS_ASSERTIONS = NO;
				ENABLE_STRICT_OBJC_MSGSEND = YES;
				GCC_C_LANGUAGE_STANDARD = gnu11;
				GCC_NO_COMMON_BLOCKS = YES;
				GCC_WARN_64_TO_32_BIT_CONVERSION = YES;
				GCC_WARN_ABOUT_RETURN_TYPE = YES_ERROR;
				GCC_WARN_UNDECLARED_SELECTOR = YES;
				GCC_WARN_UNINITIALIZED_AUTOS = YES_AGGRESSIVE;
				GCC_WARN_UNUSED_FUNCTION = YES;
				GCC_WARN_UNUSED_VARIABLE = YES;
				IPHONEOS_DEPLOYMENT_TARGET = 16.4;
				MTL_ENABLE_DEBUG_INFO = NO;
				MTL_FAST_MATH = YES;
				SDKROOT = iphoneos;
				SWIFT_COMPILATION_MODE = wholemodule;
				SWIFT_OPTIMIZATION_LEVEL = "-O";
				VALIDATE_PRODUCT = YES;
			};
			name = Release;
		};
		F4B46EE92AF308FA00DF0CCB /* Debug */ = {
			isa = XCBuildConfiguration;
			buildSettings = {
				ASSETCATALOG_COMPILER_APPICON_NAME = AppIcon;
				ASSETCATALOG_COMPILER_GLOBAL_ACCENT_COLOR_NAME = AccentColor;
				CODE_SIGN_STYLE = Automatic;
				CURRENT_PROJECT_VERSION = 1;
				GENERATE_INFOPLIST_FILE = YES;
				INFOPLIST_FILE = JikanProject/Info.plist;
				INFOPLIST_KEY_UIApplicationSupportsIndirectInputEvents = YES;
				INFOPLIST_KEY_UILaunchStoryboardName = LaunchScreen;
				INFOPLIST_KEY_UIMainStoryboardFile = Main;
				INFOPLIST_KEY_UISupportedInterfaceOrientations_iPad = "UIInterfaceOrientationPortrait UIInterfaceOrientationPortraitUpsideDown UIInterfaceOrientationLandscapeLeft UIInterfaceOrientationLandscapeRight";
				INFOPLIST_KEY_UISupportedInterfaceOrientations_iPhone = "UIInterfaceOrientationPortrait UIInterfaceOrientationLandscapeLeft UIInterfaceOrientationLandscapeRight";
				LD_RUNPATH_SEARCH_PATHS = (
					"$(inherited)",
					"@executable_path/Frameworks",
				);
				MARKETING_VERSION = 1.0;
				PRODUCT_BUNDLE_IDENTIFIER = mbds.tp1.com.JikanProject;
				PRODUCT_NAME = "$(TARGET_NAME)";
				SWIFT_EMIT_LOC_STRINGS = YES;
				SWIFT_VERSION = 5.0;
				TARGETED_DEVICE_FAMILY = "1,2";
			};
			name = Debug;
		};
		F4B46EEA2AF308FA00DF0CCB /* Release */ = {
			isa = XCBuildConfiguration;
			buildSettings = {
				ASSETCATALOG_COMPILER_APPICON_NAME = AppIcon;
				ASSETCATALOG_COMPILER_GLOBAL_ACCENT_COLOR_NAME = AccentColor;
				CODE_SIGN_STYLE = Automatic;
				CURRENT_PROJECT_VERSION = 1;
				GENERATE_INFOPLIST_FILE = YES;
				INFOPLIST_FILE = JikanProject/Info.plist;
				INFOPLIST_KEY_UIApplicationSupportsIndirectInputEvents = YES;
				INFOPLIST_KEY_UILaunchStoryboardName = LaunchScreen;
				INFOPLIST_KEY_UIMainStoryboardFile = Main;
				INFOPLIST_KEY_UISupportedInterfaceOrientations_iPad = "UIInterfaceOrientationPortrait UIInterfaceOrientationPortraitUpsideDown UIInterfaceOrientationLandscapeLeft UIInterfaceOrientationLandscapeRight";
				INFOPLIST_KEY_UISupportedInterfaceOrientations_iPhone = "UIInterfaceOrientationPortrait UIInterfaceOrientationLandscapeLeft UIInterfaceOrientationLandscapeRight";
				LD_RUNPATH_SEARCH_PATHS = (
					"$(inherited)",
					"@executable_path/Frameworks",
				);
				MARKETING_VERSION = 1.0;
				PRODUCT_BUNDLE_IDENTIFIER = mbds.tp1.com.JikanProject;
				PRODUCT_NAME = "$(TARGET_NAME)";
				SWIFT_EMIT_LOC_STRINGS = YES;
				SWIFT_VERSION = 5.0;
				TARGETED_DEVICE_FAMILY = "1,2";
			};
			name = Release;
		};
/* End XCBuildConfiguration section */

/* Begin XCConfigurationList section */
		F4B46ECF2AF308F900DF0CCB /* Build configuration list for PBXProject "JikanProject" */ = {
			isa = XCConfigurationList;
			buildConfigurations = (
				F4B46EE62AF308FA00DF0CCB /* Debug */,
				F4B46EE72AF308FA00DF0CCB /* Release */,
			);
			defaultConfigurationIsVisible = 0;
			defaultConfigurationName = Release;
		};
		F4B46EE82AF308FA00DF0CCB /* Build configuration list for PBXNativeTarget "JikanProject" */ = {
			isa = XCConfigurationList;
			buildConfigurations = (
				F4B46EE92AF308FA00DF0CCB /* Debug */,
				F4B46EEA2AF308FA00DF0CCB /* Release */,
			);
			defaultConfigurationIsVisible = 0;
			defaultConfigurationName = Release;
		};
/* End XCConfigurationList section */
	};
	rootObject = F4B46ECC2AF308F900DF0CCB /* Project object */;
}
